
Microsoft Visual Studio Solution File, Format Version 12.00
# Visual Studio Version 16
VisualStudioVersion = 16.0.28803.352
MinimumVisualStudioVersion = 10.0.40219.1
Project("{9A19103F-16F7-4668-BE54-9A1E7A4F7556}") = "RestAPIMashUp", "RestAPIMashUp\RestAPIMashUp.csproj", "{44F33948-E1B7-41A4-9C52-3C8BE8361114}"
EndProject
Project("{9A19103F-16F7-4668-BE54-9A1E7A4F7556}") = "MusicInfoLibrary", "MusicInfoLibrary\MusicInfoLibrary.csproj", "{2CB76F6A-3698-4292-86F7-40970B017252}"
EndProject
Project("{FAE04EC0-301F-11D3-BF4B-00C04F79EFBC}") = "UnitTestProject", "UnitTestProject\UnitTestProject.csproj", "{2AD2FE91-3AA8-49A0-9984-9BB01269F561}"
EndProject
Global
	GlobalSection(SolutionConfigurationPlatforms) = preSolution
		Debug|Any CPU = Debug|Any CPU
		Release|Any CPU = Release|Any CPU
	EndGlobalSection
	GlobalSection(ProjectConfigurationPlatforms) = postSolution
		{44F33948-E1B7-41A4-9C52-3C8BE8361114}.Debug|Any CPU.ActiveCfg = Debug|Any CPU
		{44F33948-E1B7-41A4-9C52-3C8BE8361114}.Debug|Any CPU.Build.0 = Debug|Any CPU
		{44F33948-E1B7-41A4-9C52-3C8BE8361114}.Release|Any CPU.ActiveCfg = Release|Any CPU
		{44F33948-E1B7-41A4-9C52-3C8BE8361114}.Release|Any CPU.Build.0 = Release|Any CPU
		{2CB76F6A-3698-4292-86F7-40970B017252}.Debug|Any CPU.ActiveCfg = Debug|Any CPU
		{2CB76F6A-3698-4292-86F7-40970B017252}.Debug|Any CPU.Build.0 = Debug|Any CPU
		{2CB76F6A-3698-4292-86F7-40970B017252}.Release|Any CPU.ActiveCfg = Release|Any CPU
		{2CB76F6A-3698-4292-86F7-40970B017252}.Release|Any CPU.Build.0 = Release|Any CPU
		{2AD2FE91-3AA8-49A0-9984-9BB01269F561}.Debug|Any CPU.ActiveCfg = Debug|Any CPU
		{2AD2FE91-3AA8-49A0-9984-9BB01269F561}.Debug|Any CPU.Build.0 = Debug|Any CPU
		{2AD2FE91-3AA8-49A0-9984-9BB01269F561}.Release|Any CPU.ActiveCfg = Release|Any CPU
		{2AD2FE91-3AA8-49A0-9984-9BB01269F561}.Release|Any CPU.Build.0 = Release|Any CPU
	EndGlobalSection
	GlobalSection(SolutionProperties) = preSolution
		HideSolutionNode = FALSE
	EndGlobalSection
	GlobalSection(ExtensibilityGlobals) = postSolution
		SolutionGuid = {06E6553A-8B23-4643-B3B1-6735027A6D25}
	EndGlobalSection
EndGlobal
